// !$*UTF8*$!
{
	archiveVersion = 1;
	classes = {
	};
	objectVersion = 56;
	objects = {

/* Begin PBXBuildFile section */
		A22C806E29B72D2E00E2970F /* AppDelegate.swift in Sources */ = {isa = PBXBuildFile; fileRef = A22C806D29B72D2E00E2970F /* AppDelegate.swift */; };
		A22C807029B72D2E00E2970F /* SceneDelegate.swift in Sources */ = {isa = PBXBuildFile; fileRef = A22C806F29B72D2E00E2970F /* SceneDelegate.swift */; };
		A22C807229B72D2E00E2970F /* ViewController.swift in Sources */ = {isa = PBXBuildFile; fileRef = A22C807129B72D2E00E2970F /* ViewController.swift */; };
		A22C807729B72D2F00E2970F /* Assets.xcassets in Resources */ = {isa = PBXBuildFile; fileRef = A22C807629B72D2F00E2970F /* Assets.xcassets */; };
		A22C807A29B72D2F00E2970F /* LaunchScreen.storyboard in Resources */ = {isa = PBXBuildFile; fileRef = A22C807829B72D2F00E2970F /* LaunchScreen.storyboard */; };
		A22C808529B72D2F00E2970F /* Firebase_SwiftTests.swift in Sources */ = {isa = PBXBuildFile; fileRef = A22C808429B72D2F00E2970F /* Firebase_SwiftTests.swift */; };
		A22C808F29B72D2F00E2970F /* Firebase_SwiftUITests.swift in Sources */ = {isa = PBXBuildFile; fileRef = A22C808E29B72D2F00E2970F /* Firebase_SwiftUITests.swift */; };
		A22C809129B72D2F00E2970F /* Firebase_SwiftUITestsLaunchTests.swift in Sources */ = {isa = PBXBuildFile; fileRef = A22C809029B72D2F00E2970F /* Firebase_SwiftUITestsLaunchTests.swift */; };
		A22C80A029B72FBA00E2970F /* ForgetPasswordViewController.swift in Sources */ = {isa = PBXBuildFile; fileRef = A22C809F29B72FBA00E2970F /* ForgetPasswordViewController.swift */; };
		A22C80A329B72FD500E2970F /* LoginViewController.swift in Sources */ = {isa = PBXBuildFile; fileRef = A22C80A229B72FD500E2970F /* LoginViewController.swift */; };
		A22C80A529B72FFF00E2970F /* RegisterViewController.swift in Sources */ = {isa = PBXBuildFile; fileRef = A22C80A429B72FFE00E2970F /* RegisterViewController.swift */; };
		A22C80A829B7321C00E2970F /* AuthHeaderView.swift in Sources */ = {isa = PBXBuildFile; fileRef = A22C80A729B7321C00E2970F /* AuthHeaderView.swift */; };
		A22C80AA29B7471B00E2970F /* CustomTextField.swift in Sources */ = {isa = PBXBuildFile; fileRef = A22C80A929B7471B00E2970F /* CustomTextField.swift */; };
		A22C80AE29B751CD00E2970F /* CutomButton.swift in Sources */ = {isa = PBXBuildFile; fileRef = A22C80AD29B751CD00E2970F /* CutomButton.swift */; };
		A27DE68629B87346001DCA66 /* FirebaseAuth in Frameworks */ = {isa = PBXBuildFile; productRef = A27DE68529B87346001DCA66 /* FirebaseAuth */; };
		A27DE68829B87346001DCA66 /* FirebaseDatabaseSwift in Frameworks */ = {isa = PBXBuildFile; productRef = A27DE68729B87346001DCA66 /* FirebaseDatabaseSwift */; };
		A27DE68A29B87346001DCA66 /* FirebaseFirestore in Frameworks */ = {isa = PBXBuildFile; productRef = A27DE68929B87346001DCA66 /* FirebaseFirestore */; };
		A27DE68C29B87346001DCA66 /* FirebaseStorage in Frameworks */ = {isa = PBXBuildFile; productRef = A27DE68B29B87346001DCA66 /* FirebaseStorage */; };
		A2D75C3829B75ACC00C4BAD4 /* WebViewController.swift in Sources */ = {isa = PBXBuildFile; fileRef = A2D75C3729B75ACC00C4BAD4 /* WebViewController.swift */; };
		A2D75C3B29B77CE400C4BAD4 /* AlertManager.swift in Sources */ = {isa = PBXBuildFile; fileRef = A2D75C3A29B77CE400C4BAD4 /* AlertManager.swift */; };
		A2D75C3D29B7880C00C4BAD4 /* GoogleService-Info.plist in Resources */ = {isa = PBXBuildFile; fileRef = A2D75C3C29B7880B00C4BAD4 /* GoogleService-Info.plist */; };
/* End PBXBuildFile section */

/* Begin PBXContainerItemProxy section */
		A22C808129B72D2F00E2970F /* PBXContainerItemProxy */ = {
			isa = PBXContainerItemProxy;
			containerPortal = A22C806229B72D2E00E2970F /* Project object */;
			proxyType = 1;
			remoteGlobalIDString = A22C806929B72D2E00E2970F;
			remoteInfo = Firebase_Swift;
		};
		A22C808B29B72D2F00E2970F /* PBXContainerItemProxy */ = {
			isa = PBXContainerItemProxy;
			containerPortal = A22C806229B72D2E00E2970F /* Project object */;
			proxyType = 1;
			remoteGlobalIDString = A22C806929B72D2E00E2970F;
			remoteInfo = Firebase_Swift;
		};
/* End PBXContainerItemProxy section */

/* Begin PBXFileReference section */
		A22C806A29B72D2E00E2970F /* Firebase_Swift.app */ = {isa = PBXFileReference; explicitFileType = wrapper.application; includeInIndex = 0; path = Firebase_Swift.app; sourceTree = BUILT_PRODUCTS_DIR; };
		A22C806D29B72D2E00E2970F /* AppDelegate.swift */ = {isa = PBXFileReference; lastKnownFileType = sourcecode.swift; path = AppDelegate.swift; sourceTree = "<group>"; };
		A22C806F29B72D2E00E2970F /* SceneDelegate.swift */ = {isa = PBXFileReference; lastKnownFileType = sourcecode.swift; path = SceneDelegate.swift; sourceTree = "<group>"; };
		A22C807129B72D2E00E2970F /* ViewController.swift */ = {isa = PBXFileReference; lastKnownFileType = sourcecode.swift; path = ViewController.swift; sourceTree = "<group>"; };
		A22C807629B72D2F00E2970F /* Assets.xcassets */ = {isa = PBXFileReference; lastKnownFileType = folder.assetcatalog; path = Assets.xcassets; sourceTree = "<group>"; };
		A22C807929B72D2F00E2970F /* Base */ = {isa = PBXFileReference; lastKnownFileType = file.storyboard; name = Base; path = Base.lproj/LaunchScreen.storyboard; sourceTree = "<group>"; };
		A22C807B29B72D2F00E2970F /* Info.plist */ = {isa = PBXFileReference; lastKnownFileType = text.plist.xml; path = Info.plist; sourceTree = "<group>"; };
		A22C808029B72D2F00E2970F /* Firebase_SwiftTests.xctest */ = {isa = PBXFileReference; explicitFileType = wrapper.cfbundle; includeInIndex = 0; path = Firebase_SwiftTests.xctest; sourceTree = BUILT_PRODUCTS_DIR; };
		A22C808429B72D2F00E2970F /* Firebase_SwiftTests.swift */ = {isa = PBXFileReference; lastKnownFileType = sourcecode.swift; path = Firebase_SwiftTests.swift; sourceTree = "<group>"; };
		A22C808A29B72D2F00E2970F /* Firebase_SwiftUITests.xctest */ = {isa = PBXFileReference; explicitFileType = wrapper.cfbundle; includeInIndex = 0; path = Firebase_SwiftUITests.xctest; sourceTree = BUILT_PRODUCTS_DIR; };
		A22C808E29B72D2F00E2970F /* Firebase_SwiftUITests.swift */ = {isa = PBXFileReference; lastKnownFileType = sourcecode.swift; path = Firebase_SwiftUITests.swift; sourceTree = "<group>"; };
		A22C809029B72D2F00E2970F /* Firebase_SwiftUITestsLaunchTests.swift */ = {isa = PBXFileReference; lastKnownFileType = sourcecode.swift; path = Firebase_SwiftUITestsLaunchTests.swift; sourceTree = "<group>"; };
		A22C809F29B72FBA00E2970F /* ForgetPasswordViewController.swift */ = {isa = PBXFileReference; lastKnownFileType = sourcecode.swift; path = ForgetPasswordViewController.swift; sourceTree = "<group>"; };
		A22C80A229B72FD500E2970F /* LoginViewController.swift */ = {isa = PBXFileReference; lastKnownFileType = sourcecode.swift; path = LoginViewController.swift; sourceTree = "<group>"; };
		A22C80A429B72FFE00E2970F /* RegisterViewController.swift */ = {isa = PBXFileReference; lastKnownFileType = sourcecode.swift; path = RegisterViewController.swift; sourceTree = "<group>"; };
		A22C80A729B7321C00E2970F /* AuthHeaderView.swift */ = {isa = PBXFileReference; lastKnownFileType = sourcecode.swift; path = AuthHeaderView.swift; sourceTree = "<group>"; };
		A22C80A929B7471B00E2970F /* CustomTextField.swift */ = {isa = PBXFileReference; lastKnownFileType = sourcecode.swift; path = CustomTextField.swift; sourceTree = "<group>"; };
		A22C80AD29B751CD00E2970F /* CutomButton.swift */ = {isa = PBXFileReference; lastKnownFileType = sourcecode.swift; path = CutomButton.swift; sourceTree = "<group>"; };
		A2D75C3729B75ACC00C4BAD4 /* WebViewController.swift */ = {isa = PBXFileReference; lastKnownFileType = sourcecode.swift; path = WebViewController.swift; sourceTree = "<group>"; };
		A2D75C3A29B77CE400C4BAD4 /* AlertManager.swift */ = {isa = PBXFileReference; lastKnownFileType = sourcecode.swift; path = AlertManager.swift; sourceTree = "<group>"; };
		A2D75C3C29B7880B00C4BAD4 /* GoogleService-Info.plist */ = {isa = PBXFileReference; fileEncoding = 4; lastKnownFileType = text.plist.xml; path = "GoogleService-Info.plist"; sourceTree = "<group>"; };
/* End PBXFileReference section */

/* Begin PBXFrameworksBuildPhase section */
		A22C806729B72D2E00E2970F /* Frameworks */ = {
			isa = PBXFrameworksBuildPhase;
			buildActionMask = 2147483647;
			files = (
				A27DE68829B87346001DCA66 /* FirebaseDatabaseSwift in Frameworks */,
				A27DE68C29B87346001DCA66 /* FirebaseStorage in Frameworks */,
				A27DE68629B87346001DCA66 /* FirebaseAuth in Frameworks */,
				A27DE68A29B87346001DCA66 /* FirebaseFirestore in Frameworks */,
			);
			runOnlyForDeploymentPostprocessing = 0;
		};
		A22C807D29B72D2F00E2970F /* Frameworks */ = {
			isa = PBXFrameworksBuildPhase;
			buildActionMask = 2147483647;
			files = (
			);
			runOnlyForDeploymentPostprocessing = 0;
		};
		A22C808729B72D2F00E2970F /* Frameworks */ = {
			isa = PBXFrameworksBuildPhase;
			buildActionMask = 2147483647;
			files = (
			);
			runOnlyForDeploymentPostprocessing = 0;
		};
/* End PBXFrameworksBuildPhase section */

/* Begin PBXGroup section */
		A22C806129B72D2E00E2970F = {
			isa = PBXGroup;
			children = (
				A22C806C29B72D2E00E2970F /* Firebase_Swift */,
				A22C808329B72D2F00E2970F /* Firebase_SwiftTests */,
				A22C808D29B72D2F00E2970F /* Firebase_SwiftUITests */,
				A22C806B29B72D2E00E2970F /* Products */,
			);
			sourceTree = "<group>";
		};
		A22C806B29B72D2E00E2970F /* Products */ = {
			isa = PBXGroup;
			children = (
				A22C806A29B72D2E00E2970F /* Firebase_Swift.app */,
				A22C808029B72D2F00E2970F /* Firebase_SwiftTests.xctest */,
				A22C808A29B72D2F00E2970F /* Firebase_SwiftUITests.xctest */,
			);
			name = Products;
			sourceTree = "<group>";
		};
		A22C806C29B72D2E00E2970F /* Firebase_Swift */ = {
			isa = PBXGroup;
			children = (
				A2D75C3929B77CC800C4BAD4 /* Mangers */,
				A22C80A629B7304800E2970F /* Views */,
				A22C809E29B72F6A00E2970F /* Controllers */,
				A22C809D29B72F1B00E2970F /* Supporting */,
				A22C807629B72D2F00E2970F /* Assets.xcassets */,
				A22C807829B72D2F00E2970F /* LaunchScreen.storyboard */,
				A22C807B29B72D2F00E2970F /* Info.plist */,
			);
			path = Firebase_Swift;
			sourceTree = "<group>";
		};
		A22C808329B72D2F00E2970F /* Firebase_SwiftTests */ = {
			isa = PBXGroup;
			children = (
				A22C808429B72D2F00E2970F /* Firebase_SwiftTests.swift */,
			);
			path = Firebase_SwiftTests;
			sourceTree = "<group>";
		};
		A22C808D29B72D2F00E2970F /* Firebase_SwiftUITests */ = {
			isa = PBXGroup;
			children = (
				A22C808E29B72D2F00E2970F /* Firebase_SwiftUITests.swift */,
				A22C809029B72D2F00E2970F /* Firebase_SwiftUITestsLaunchTests.swift */,
			);
			path = Firebase_SwiftUITests;
			sourceTree = "<group>";
		};
		A22C809D29B72F1B00E2970F /* Supporting */ = {
			isa = PBXGroup;
			children = (
				A2D75C3C29B7880B00C4BAD4 /* GoogleService-Info.plist */,
				A22C806D29B72D2E00E2970F /* AppDelegate.swift */,
				A22C806F29B72D2E00E2970F /* SceneDelegate.swift */,
			);
			path = Supporting;
			sourceTree = "<group>";
		};
		A22C809E29B72F6A00E2970F /* Controllers */ = {
			isa = PBXGroup;
			children = (
				A22C807129B72D2E00E2970F /* ViewController.swift */,
				A22C80A429B72FFE00E2970F /* RegisterViewController.swift */,
				A22C809F29B72FBA00E2970F /* ForgetPasswordViewController.swift */,
				A22C80A229B72FD500E2970F /* LoginViewController.swift */,
				A2D75C3729B75ACC00C4BAD4 /* WebViewController.swift */,
			);
			path = Controllers;
			sourceTree = "<group>";
		};
		A22C80A629B7304800E2970F /* Views */ = {
			isa = PBXGroup;
			children = (
				A22C80A729B7321C00E2970F /* AuthHeaderView.swift */,
				A22C80A929B7471B00E2970F /* CustomTextField.swift */,
				A22C80AD29B751CD00E2970F /* CutomButton.swift */,
			);
			path = Views;
			sourceTree = "<group>";
		};
		A2D75C3929B77CC800C4BAD4 /* Mangers */ = {
			isa = PBXGroup;
			children = (
				A2D75C3A29B77CE400C4BAD4 /* AlertManager.swift */,
			);
			path = Mangers;
			sourceTree = "<group>";
		};
/* End PBXGroup section */

/* Begin PBXNativeTarget section */
		A22C806929B72D2E00E2970F /* Firebase_Swift */ = {
			isa = PBXNativeTarget;
			buildConfigurationList = A22C809429B72D2F00E2970F /* Build configuration list for PBXNativeTarget "Firebase_Swift" */;
			buildPhases = (
				A22C806629B72D2E00E2970F /* Sources */,
				A22C806729B72D2E00E2970F /* Frameworks */,
				A22C806829B72D2E00E2970F /* Resources */,
			);
			buildRules = (
			);
			dependencies = (
			);
			name = Firebase_Swift;
			packageProductDependencies = (
				A27DE68529B87346001DCA66 /* FirebaseAuth */,
				A27DE68729B87346001DCA66 /* FirebaseDatabaseSwift */,
				A27DE68929B87346001DCA66 /* FirebaseFirestore */,
				A27DE68B29B87346001DCA66 /* FirebaseStorage */,
			);
			productName = Firebase_Swift;
			productReference = A22C806A29B72D2E00E2970F /* Firebase_Swift.app */;
			productType = "com.apple.product-type.application";
		};
		A22C807F29B72D2F00E2970F /* Firebase_SwiftTests */ = {
			isa = PBXNativeTarget;
			buildConfigurationList = A22C809729B72D2F00E2970F /* Build configuration list for PBXNativeTarget "Firebase_SwiftTests" */;
			buildPhases = (
				A22C807C29B72D2F00E2970F /* Sources */,
				A22C807D29B72D2F00E2970F /* Frameworks */,
				A22C807E29B72D2F00E2970F /* Resources */,
			);
			buildRules = (
			);
			dependencies = (
				A22C808229B72D2F00E2970F /* PBXTargetDependency */,
			);
			name = Firebase_SwiftTests;
			productName = Firebase_SwiftTests;
			productReference = A22C808029B72D2F00E2970F /* Firebase_SwiftTests.xctest */;
			productType = "com.apple.product-type.bundle.unit-test";
		};
		A22C808929B72D2F00E2970F /* Firebase_SwiftUITests */ = {
			isa = PBXNativeTarget;
			buildConfigurationList = A22C809A29B72D2F00E2970F /* Build configuration list for PBXNativeTarget "Firebase_SwiftUITests" */;
			buildPhases = (
				A22C808629B72D2F00E2970F /* Sources */,
				A22C808729B72D2F00E2970F /* Frameworks */,
				A22C808829B72D2F00E2970F /* Resources */,
			);
			buildRules = (
			);
			dependencies = (
				A22C808C29B72D2F00E2970F /* PBXTargetDependency */,
			);
			name = Firebase_SwiftUITests;
			productName = Firebase_SwiftUITests;
			productReference = A22C808A29B72D2F00E2970F /* Firebase_SwiftUITests.xctest */;
			productType = "com.apple.product-type.bundle.ui-testing";
		};
/* End PBXNativeTarget section */

/* Begin PBXProject section */
		A22C806229B72D2E00E2970F /* Project object */ = {
			isa = PBXProject;
			attributes = {
				BuildIndependentTargetsInParallel = 1;
				LastSwiftUpdateCheck = 1420;
				LastUpgradeCheck = 1420;
				TargetAttributes = {
					A22C806929B72D2E00E2970F = {
						CreatedOnToolsVersion = 14.2;
					};
					A22C807F29B72D2F00E2970F = {
						CreatedOnToolsVersion = 14.2;
						TestTargetID = A22C806929B72D2E00E2970F;
					};
					A22C808929B72D2F00E2970F = {
						CreatedOnToolsVersion = 14.2;
						TestTargetID = A22C806929B72D2E00E2970F;
					};
				};
			};
			buildConfigurationList = A22C806529B72D2E00E2970F /* Build configuration list for PBXProject "Firebase_Swift" */;
			compatibilityVersion = "Xcode 14.0";
			developmentRegion = en;
			hasScannedForEncodings = 0;
			knownRegions = (
				en,
				Base,
			);
			mainGroup = A22C806129B72D2E00E2970F;
			packageReferences = (
				A27DE68429B87346001DCA66 /* XCRemoteSwiftPackageReference "firebase-ios-sdk" */,
			);
			productRefGroup = A22C806B29B72D2E00E2970F /* Products */;
			projectDirPath = "";
			projectRoot = "";
			targets = (
				A22C806929B72D2E00E2970F /* Firebase_Swift */,
				A22C807F29B72D2F00E2970F /* Firebase_SwiftTests */,
				A22C808929B72D2F00E2970F /* Firebase_SwiftUITests */,
			);
		};
/* End PBXProject section */

/* Begin PBXResourcesBuildPhase section */
		A22C806829B72D2E00E2970F /* Resources */ = {
			isa = PBXResourcesBuildPhase;
			buildActionMask = 2147483647;
			files = (
				A22C807A29B72D2F00E2970F /* LaunchScreen.storyboard in Resources */,
				A22C807729B72D2F00E2970F /* Assets.xcassets in Resources */,
				A2D75C3D29B7880C00C4BAD4 /* GoogleService-Info.plist in Resources */,
			);
			runOnlyForDeploymentPostprocessing = 0;
		};
		A22C807E29B72D2F00E2970F /* Resources */ = {
			isa = PBXResourcesBuildPhase;
			buildActionMask = 2147483647;
			files = (
			);
			runOnlyForDeploymentPostprocessing = 0;
		};
		A22C808829B72D2F00E2970F /* Resources */ = {
			isa = PBXResourcesBuildPhase;
			buildActionMask = 2147483647;
			files = (
			);
			runOnlyForDeploymentPostprocessing = 0;
		};
/* End PBXResourcesBuildPhase section */

/* Begin PBXSourcesBuildPhase section */
		A22C806629B72D2E00E2970F /* Sources */ = {
			isa = PBXSourcesBuildPhase;
			buildActionMask = 2147483647;
			files = (
				A22C807229B72D2E00E2970F /* ViewController.swift in Sources */,
				A2D75C3B29B77CE400C4BAD4 /* AlertManager.swift in Sources */,
				A22C80AE29B751CD00E2970F /* CutomButton.swift in Sources */,
				A22C806E29B72D2E00E2970F /* AppDelegate.swift in Sources */,
				A2D75C3829B75ACC00C4BAD4 /* WebViewController.swift in Sources */,
				A22C80A029B72FBA00E2970F /* ForgetPasswordViewController.swift in Sources */,
				A22C80A529B72FFF00E2970F /* RegisterViewController.swift in Sources */,
				A22C80AA29B7471B00E2970F /* CustomTextField.swift in Sources */,
				A22C80A329B72FD500E2970F /* LoginViewController.swift in Sources */,
				A22C807029B72D2E00E2970F /* SceneDelegate.swift in Sources */,
				A22C80A829B7321C00E2970F /* AuthHeaderView.swift in Sources */,
			);
			runOnlyForDeploymentPostprocessing = 0;
		};
		A22C807C29B72D2F00E2970F /* Sources */ = {
			isa = PBXSourcesBuildPhase;
			buildActionMask = 2147483647;
			files = (
				A22C808529B72D2F00E2970F /* Firebase_SwiftTests.swift in Sources */,
			);
			runOnlyForDeploymentPostprocessing = 0;
		};
		A22C808629B72D2F00E2970F /* Sources */ = {
			isa = PBXSourcesBuildPhase;
			buildActionMask = 2147483647;
			files = (
				A22C808F29B72D2F00E2970F /* Firebase_SwiftUITests.swift in Sources */,
				A22C809129B72D2F00E2970F /* Firebase_SwiftUITestsLaunchTests.swift in Sources */,
			);
			runOnlyForDeploymentPostprocessing = 0;
		};
/* End PBXSourcesBuildPhase section */

/* Begin PBXTargetDependency section */
		A22C808229B72D2F00E2970F /* PBXTargetDependency */ = {
			isa = PBXTargetDependency;
			target = A22C806929B72D2E00E2970F /* Firebase_Swift */;
			targetProxy = A22C808129B72D2F00E2970F /* PBXContainerItemProxy */;
		};
		A22C808C29B72D2F00E2970F /* PBXTargetDependency */ = {
			isa = PBXTargetDependency;
			target = A22C806929B72D2E00E2970F /* Firebase_Swift */;
			targetProxy = A22C808B29B72D2F00E2970F /* PBXContainerItemProxy */;
		};
/* End PBXTargetDependency section */

/* Begin PBXVariantGroup section */
		A22C807829B72D2F00E2970F /* LaunchScreen.storyboard */ = {
			isa = PBXVariantGroup;
			children = (
				A22C807929B72D2F00E2970F /* Base */,
			);
			name = LaunchScreen.storyboard;
			sourceTree = "<group>";
		};
/* End PBXVariantGroup section */

/* Begin XCBuildConfiguration section */
		A22C809229B72D2F00E2970F /* Debug */ = {
			isa = XCBuildConfiguration;
			buildSettings = {
				ALWAYS_SEARCH_USER_PATHS = NO;
				CLANG_ANALYZER_NONNULL = YES;
				CLANG_ANALYZER_NUMBER_OBJECT_CONVERSION = YES_AGGRESSIVE;
				CLANG_CXX_LANGUAGE_STANDARD = "gnu++20";
				CLANG_ENABLE_MODULES = YES;
				CLANG_ENABLE_OBJC_ARC = YES;
				CLANG_ENABLE_OBJC_WEAK = YES;
				CLANG_WARN_BLOCK_CAPTURE_AUTORELEASING = YES;
				CLANG_WARN_BOOL_CONVERSION = YES;
				CLANG_WARN_COMMA = YES;
				CLANG_WARN_CONSTANT_CONVERSION = YES;
				CLANG_WARN_DEPRECATED_OBJC_IMPLEMENTATIONS = YES;
				CLANG_WARN_DIRECT_OBJC_ISA_USAGE = YES_ERROR;
				CLANG_WARN_DOCUMENTATION_COMMENTS = YES;
				CLANG_WARN_EMPTY_BODY = YES;
				CLANG_WARN_ENUM_CONVERSION = YES;
				CLANG_WARN_INFINITE_RECURSION = YES;
				CLANG_WARN_INT_CONVERSION = YES;
				CLANG_WARN_NON_LITERAL_NULL_CONVERSION = YES;
				CLANG_WARN_OBJC_IMPLICIT_RETAIN_SELF = YES;
				CLANG_WARN_OBJC_LITERAL_CONVERSION = YES;
				CLANG_WARN_OBJC_ROOT_CLASS = YES_ERROR;
				CLANG_WARN_QUOTED_INCLUDE_IN_FRAMEWORK_HEADER = YES;
				CLANG_WARN_RANGE_LOOP_ANALYSIS = YES;
				CLANG_WARN_STRICT_PROTOTYPES = YES;
				CLANG_WARN_SUSPICIOUS_MOVE = YES;
				CLANG_WARN_UNGUARDED_AVAILABILITY = YES_AGGRESSIVE;
				CLANG_WARN_UNREACHABLE_CODE = YES;
				CLANG_WARN__DUPLICATE_METHOD_MATCH = YES;
				COPY_PHASE_STRIP = NO;
				DEBUG_INFORMATION_FORMAT = dwarf;
				ENABLE_STRICT_OBJC_MSGSEND = YES;
				ENABLE_TESTABILITY = YES;
				GCC_C_LANGUAGE_STANDARD = gnu11;
				GCC_DYNAMIC_NO_PIC = NO;
				GCC_NO_COMMON_BLOCKS = YES;
				GCC_OPTIMIZATION_LEVEL = 0;
				GCC_PREPROCESSOR_DEFINITIONS = (
					"DEBUG=1",
					"$(inherited)",
				);
				GCC_WARN_64_TO_32_BIT_CONVERSION = YES;
				GCC_WARN_ABOUT_RETURN_TYPE = YES_ERROR;
				GCC_WARN_UNDECLARED_SELECTOR = YES;
				GCC_WARN_UNINITIALIZED_AUTOS = YES_AGGRESSIVE;
				GCC_WARN_UNUSED_FUNCTION = YES;
				GCC_WARN_UNUSED_VARIABLE = YES;
				IPHONEOS_DEPLOYMENT_TARGET = 16.2;
				MTL_ENABLE_DEBUG_INFO = INCLUDE_SOURCE;
				MTL_FAST_MATH = YES;
				ONLY_ACTIVE_ARCH = YES;
				SDKROOT = iphoneos;
				SWIFT_ACTIVE_COMPILATION_CONDITIONS = DEBUG;
				SWIFT_OPTIMIZATION_LEVEL = "-Onone";
			};
			name = Debug;
		};
		A22C809329B72D2F00E2970F /* Release */ = {
			isa = XCBuildConfiguration;
			buildSettings = {
				ALWAYS_SEARCH_USER_PATHS = NO;
				CLANG_ANALYZER_NONNULL = YES;
				CLANG_ANALYZER_NUMBER_OBJECT_CONVERSION = YES_AGGRESSIVE;
				CLANG_CXX_LANGUAGE_STANDARD = "gnu++20";
				CLANG_ENABLE_MODULES = YES;
				CLANG_ENABLE_OBJC_ARC = YES;
				CLANG_ENABLE_OBJC_WEAK = YES;
				CLANG_WARN_BLOCK_CAPTURE_AUTORELEASING = YES;
				CLANG_WARN_BOOL_CONVERSION = YES;
				CLANG_WARN_COMMA = YES;
				CLANG_WARN_CONSTANT_CONVERSION = YES;
				CLANG_WARN_DEPRECATED_OBJC_IMPLEMENTATIONS = YES;
				CLANG_WARN_DIRECT_OBJC_ISA_USAGE = YES_ERROR;
				CLANG_WARN_DOCUMENTATION_COMMENTS = YES;
				CLANG_WARN_EMPTY_BODY = YES;
				CLANG_WARN_ENUM_CONVERSION = YES;
				CLANG_WARN_INFINITE_RECURSION = YES;
				CLANG_WARN_INT_CONVERSION = YES;
				CLANG_WARN_NON_LITERAL_NULL_CONVERSION = YES;
				CLANG_WARN_OBJC_IMPLICIT_RETAIN_SELF = YES;
				CLANG_WARN_OBJC_LITERAL_CONVERSION = YES;
				CLANG_WARN_OBJC_ROOT_CLASS = YES_ERROR;
				CLANG_WARN_QUOTED_INCLUDE_IN_FRAMEWORK_HEADER = YES;
				CLANG_WARN_RANGE_LOOP_ANALYSIS = YES;
				CLANG_WARN_STRICT_PROTOTYPES = YES;
				CLANG_WARN_SUSPICIOUS_MOVE = YES;
				CLANG_WARN_UNGUARDED_AVAILABILITY = YES_AGGRESSIVE;
				CLANG_WARN_UNREACHABLE_CODE = YES;
				CLANG_WARN__DUPLICATE_METHOD_MATCH = YES;
				COPY_PHASE_STRIP = NO;
				DEBUG_INFORMATION_FORMAT = "dwarf-with-dsym";
				ENABLE_NS_ASSERTIONS = NO;
				ENABLE_STRICT_OBJC_MSGSEND = YES;
				GCC_C_LANGUAGE_STANDARD = gnu11;
				GCC_NO_COMMON_BLOCKS = YES;
				GCC_WARN_64_TO_32_BIT_CONVERSION = YES;
				GCC_WARN_ABOUT_RETURN_TYPE = YES_ERROR;
				GCC_WARN_UNDECLARED_SELECTOR = YES;
				GCC_WARN_UNINITIALIZED_AUTOS = YES_AGGRESSIVE;
				GCC_WARN_UNUSED_FUNCTION = YES;
				GCC_WARN_UNUSED_VARIABLE = YES;
				IPHONEOS_DEPLOYMENT_TARGET = 16.2;
				MTL_ENABLE_DEBUG_INFO = NO;
				MTL_FAST_MATH = YES;
				SDKROOT = iphoneos;
				SWIFT_COMPILATION_MODE = wholemodule;
				SWIFT_OPTIMIZATION_LEVEL = "-O";
				VALIDATE_PRODUCT = YES;
			};
			name = Release;
		};
		A22C809529B72D2F00E2970F /* Debug */ = {
			isa = XCBuildConfiguration;
			buildSettings = {
				ASSETCATALOG_COMPILER_APPICON_NAME = AppIcon;
				ASSETCATALOG_COMPILER_GLOBAL_ACCENT_COLOR_NAME = AccentColor;
				CODE_SIGN_STYLE = Automatic;
				CURRENT_PROJECT_VERSION = 1;
				GENERATE_INFOPLIST_FILE = YES;
				INFOPLIST_FILE = Firebase_Swift/Info.plist;
				INFOPLIST_KEY_UIApplicationSupportsIndirectInputEvents = YES;
				INFOPLIST_KEY_UILaunchStoryboardName = LaunchScreen;
				INFOPLIST_KEY_UISupportedInterfaceOrientations_iPad = "UIInterfaceOrientationPortrait UIInterfaceOrientationPortraitUpsideDown UIInterfaceOrientationLandscapeLeft UIInterfaceOrientationLandscapeRight";
				INFOPLIST_KEY_UISupportedInterfaceOrientations_iPhone = "UIInterfaceOrientationPortrait UIInterfaceOrientationLandscapeLeft UIInterfaceOrientationLandscapeRight";
				LD_RUNPATH_SEARCH_PATHS = (
					"$(inherited)",
					"@executable_path/Frameworks",
				);
				MARKETING_VERSION = 1.0;
				PRODUCT_BUNDLE_IDENTIFIER = "dimuth-c-bandara.Firebase-Swift";
				PRODUCT_NAME = "$(TARGET_NAME)";
				SWIFT_EMIT_LOC_STRINGS = YES;
				SWIFT_VERSION = 5.0;
				TARGETED_DEVICE_FAMILY = "1,2";
			};
			name = Debug;
		};
		A22C809629B72D2F00E2970F /* Release */ = {
			isa = XCBuildConfiguration;
			buildSettings = {
				ASSETCATALOG_COMPILER_APPICON_NAME = AppIcon;
				ASSETCATALOG_COMPILER_GLOBAL_ACCENT_COLOR_NAME = AccentColor;
				CODE_SIGN_STYLE = Automatic;
				CURRENT_PROJECT_VERSION = 1;
				GENERATE_INFOPLIST_FILE = YES;
				INFOPLIST_FILE = Firebase_Swift/Info.plist;
				INFOPLIST_KEY_UIApplicationSupportsIndirectInputEvents = YES;
				INFOPLIST_KEY_UILaunchStoryboardName = LaunchScreen;
				INFOPLIST_KEY_UISupportedInterfaceOrientations_iPad = "UIInterfaceOrientationPortrait UIInterfaceOrientationPortraitUpsideDown UIInterfaceOrientationLandscapeLeft UIInterfaceOrientationLandscapeRight";
				INFOPLIST_KEY_UISupportedInterfaceOrientations_iPhone = "UIInterfaceOrientationPortrait UIInterfaceOrientationLandscapeLeft UIInterfaceOrientationLandscapeRight";
				LD_RUNPATH_SEARCH_PATHS = (
					"$(inherited)",
					"@executable_path/Frameworks",
				);
				MARKETING_VERSION = 1.0;
				PRODUCT_BUNDLE_IDENTIFIER = "dimuth-c-bandara.Firebase-Swift";
				PRODUCT_NAME = "$(TARGET_NAME)";
				SWIFT_EMIT_LOC_STRINGS = YES;
				SWIFT_VERSION = 5.0;
				TARGETED_DEVICE_FAMILY = "1,2";
			};
			name = Release;
		};
		A22C809829B72D2F00E2970F /* Debug */ = {
			isa = XCBuildConfiguration;
			buildSettings = {
				ALWAYS_EMBED_SWIFT_STANDARD_LIBRARIES = YES;
				BUNDLE_LOADER = "$(TEST_HOST)";
				CODE_SIGN_STYLE = Automatic;
				CURRENT_PROJECT_VERSION = 1;
				GENERATE_INFOPLIST_FILE = YES;
				IPHONEOS_DEPLOYMENT_TARGET = 16.2;
				MARKETING_VERSION = 1.0;
				PRODUCT_BUNDLE_IDENTIFIER = "dimuth-c-bandara.Firebase-SwiftTests";
				PRODUCT_NAME = "$(TARGET_NAME)";
				SWIFT_EMIT_LOC_STRINGS = NO;
				SWIFT_VERSION = 5.0;
				TARGETED_DEVICE_FAMILY = "1,2";
				TEST_HOST = "$(BUILT_PRODUCTS_DIR)/Firebase_Swift.app/$(BUNDLE_EXECUTABLE_FOLDER_PATH)/Firebase_Swift";
			};
			name = Debug;
		};
		A22C809929B72D2F00E2970F /* Release */ = {
			isa = XCBuildConfiguration;
			buildSettings = {
				ALWAYS_EMBED_SWIFT_STANDARD_LIBRARIES = YES;
				BUNDLE_LOADER = "$(TEST_HOST)";
				CODE_SIGN_STYLE = Automatic;
				CURRENT_PROJECT_VERSION = 1;
				GENERATE_INFOPLIST_FILE = YES;
				IPHONEOS_DEPLOYMENT_TARGET = 16.2;
				MARKETING_VERSION = 1.0;
				PRODUCT_BUNDLE_IDENTIFIER = "dimuth-c-bandara.Firebase-SwiftTests";
				PRODUCT_NAME = "$(TARGET_NAME)";
				SWIFT_EMIT_LOC_STRINGS = NO;
				SWIFT_VERSION = 5.0;
				TARGETED_DEVICE_FAMILY = "1,2";
				TEST_HOST = "$(BUILT_PRODUCTS_DIR)/Firebase_Swift.app/$(BUNDLE_EXECUTABLE_FOLDER_PATH)/Firebase_Swift";
			};
			name = Release;
		};
		A22C809B29B72D2F00E2970F /* Debug */ = {
			isa = XCBuildConfiguration;
			buildSettings = {
				ALWAYS_EMBED_SWIFT_STANDARD_LIBRARIES = YES;
				CODE_SIGN_STYLE = Automatic;
				CURRENT_PROJECT_VERSION = 1;
				GENERATE_INFOPLIST_FILE = YES;
				MARKETING_VERSION = 1.0;
				PRODUCT_BUNDLE_IDENTIFIER = "dimuth-c-bandara.Firebase-SwiftUITests";
				PRODUCT_NAME = "$(TARGET_NAME)";
				SWIFT_EMIT_LOC_STRINGS = NO;
				SWIFT_VERSION = 5.0;
				TARGETED_DEVICE_FAMILY = "1,2";
				TEST_TARGET_NAME = Firebase_Swift;
			};
			name = Debug;
		};
		A22C809C29B72D2F00E2970F /* Release */ = {
			isa = XCBuildConfiguration;
			buildSettings = {
				ALWAYS_EMBED_SWIFT_STANDARD_LIBRARIES = YES;
				CODE_SIGN_STYLE = Automatic;
				CURRENT_PROJECT_VERSION = 1;
				GENERATE_INFOPLIST_FILE = YES;
				MARKETING_VERSION = 1.0;
				PRODUCT_BUNDLE_IDENTIFIER = "dimuth-c-bandara.Firebase-SwiftUITests";
				PRODUCT_NAME = "$(TARGET_NAME)";
				SWIFT_EMIT_LOC_STRINGS = NO;
				SWIFT_VERSION = 5.0;
				TARGETED_DEVICE_FAMILY = "1,2";
				TEST_TARGET_NAME = Firebase_Swift;
			};
			name = Release;
		};
/* End XCBuildConfiguration section */

/* Begin XCConfigurationList section */
		A22C806529B72D2E00E2970F /* Build configuration list for PBXProject "Firebase_Swift" */ = {
			isa = XCConfigurationList;
			buildConfigurations = (
				A22C809229B72D2F00E2970F /* Debug */,
				A22C809329B72D2F00E2970F /* Release */,
			);
			defaultConfigurationIsVisible = 0;
			defaultConfigurationName = Release;
		};
		A22C809429B72D2F00E2970F /* Build configuration list for PBXNativeTarget "Firebase_Swift" */ = {
			isa = XCConfigurationList;
			buildConfigurations = (
				A22C809529B72D2F00E2970F /* Debug */,
				A22C809629B72D2F00E2970F /* Release */,
			);
			defaultConfigurationIsVisible = 0;
			defaultConfigurationName = Release;
		};
		A22C809729B72D2F00E2970F /* Build configuration list for PBXNativeTarget "Firebase_SwiftTests" */ = {
			isa = XCConfigurationList;
			buildConfigurations = (
				A22C809829B72D2F00E2970F /* Debug */,
				A22C809929B72D2F00E2970F /* Release */,
			);
			defaultConfigurationIsVisible = 0;
			defaultConfigurationName = Release;
		};
		A22C809A29B72D2F00E2970F /* Build configuration list for PBXNativeTarget "Firebase_SwiftUITests" */ = {
			isa = XCConfigurationList;
			buildConfigurations = (
				A22C809B29B72D2F00E2970F /* Debug */,
				A22C809C29B72D2F00E2970F /* Release */,
			);
			defaultConfigurationIsVisible = 0;
			defaultConfigurationName = Release;
		};
/* End XCConfigurationList section */

/* Begin XCRemoteSwiftPackageReference section */
		A27DE68429B87346001DCA66 /* XCRemoteSwiftPackageReference "firebase-ios-sdk" */ = {
			isa = XCRemoteSwiftPackageReference;
			repositoryURL = "https://github.com/firebase/firebase-ios-sdk";
			requirement = {
				branch = master;
				kind = branch;
			};
		};
/* End XCRemoteSwiftPackageReference section */

/* Begin XCSwiftPackageProductDependency section */
		A27DE68529B87346001DCA66 /* FirebaseAuth */ = {
			isa = XCSwiftPackageProductDependency;
			package = A27DE68429B87346001DCA66 /* XCRemoteSwiftPackageReference "firebase-ios-sdk" */;
			productName = FirebaseAuth;
		};
		A27DE68729B87346001DCA66 /* FirebaseDatabaseSwift */ = {
			isa = XCSwiftPackageProductDependency;
			package = A27DE68429B87346001DCA66 /* XCRemoteSwiftPackageReference "firebase-ios-sdk" */;
			productName = FirebaseDatabaseSwift;
		};
		A27DE68929B87346001DCA66 /* FirebaseFirestore */ = {
			isa = XCSwiftPackageProductDependency;
			package = A27DE68429B87346001DCA66 /* XCRemoteSwiftPackageReference "firebase-ios-sdk" */;
			productName = FirebaseFirestore;
		};
		A27DE68B29B87346001DCA66 /* FirebaseStorage */ = {
			isa = XCSwiftPackageProductDependency;
			package = A27DE68429B87346001DCA66 /* XCRemoteSwiftPackageReference "firebase-ios-sdk" */;
			productName = FirebaseStorage;
		};
/* End XCSwiftPackageProductDependency section */
	};
	rootObject = A22C806229B72D2E00E2970F /* Project object */;
}
